version: 6
environments:
  default:
    channels:
    - url: https://conda.anaconda.org/conda-forge/
    - url: https://conda.anaconda.org/bioconda/
    - url: https://conda.anaconda.org/nvidia/
    indexes:
    - https://pypi.org/simple
    packages:
      linux-64:
      - conda: https://conda.anaconda.org/conda-forge/linux-64/_libgcc_mutex-0.1-conda_forge.tar.bz2
      - conda: https://conda.anaconda.org/conda-forge/linux-64/_openmp_mutex-4.5-2_gnu.tar.bz2
      - conda: https://conda.anaconda.org/conda-forge/noarch/argcomplete-3.6.2-pyhd8ed1ab_0.conda
      - conda: https://conda.anaconda.org/conda-forge/noarch/attrs-25.4.0-pyh71513ae_0.conda
      - conda: https://conda.anaconda.org/conda-forge/noarch/basis_set_exchange-0.11-pyhd8ed1ab_0.conda
      - conda: https://conda.anaconda.org/conda-forge/linux-64/bzip2-1.0.8-hda65f42_8.conda
      - conda: https://conda.anaconda.org/conda-forge/linux-64/c-ares-1.34.5-hb9d3cd8_0.conda
      - conda: https://conda.anaconda.org/conda-forge/noarch/ca-certificates-2025.10.5-hbd8a1cb_0.conda
      - conda: https://conda.anaconda.org/conda-forge/noarch/cached-property-1.5.2-hd8ed1ab_1.tar.bz2
      - conda: https://conda.anaconda.org/conda-forge/noarch/cached_property-1.5.2-pyha770c72_1.tar.bz2
      - conda: https://conda.anaconda.org/conda-forge/noarch/cuda-version-12.9-h4f385c5_3.conda
      - conda: https://conda.anaconda.org/conda-forge/noarch/geometric-1.1-pyhd8ed1ab_1.conda
      - conda: https://conda.anaconda.org/conda-forge/linux-64/h5py-3.14.0-nompi_py313h253c126_101.conda
      - conda: https://conda.anaconda.org/conda-forge/linux-64/hdf5-1.14.6-nompi_h6e4c0c1_103.conda
      - conda: https://conda.anaconda.org/conda-forge/noarch/jsonschema-4.25.1-pyhe01879c_0.conda
      - conda: https://conda.anaconda.org/conda-forge/noarch/jsonschema-specifications-2025.9.1-pyhcf101f3_0.conda
      - conda: https://conda.anaconda.org/conda-forge/linux-64/keyutils-1.6.3-hb9d3cd8_0.conda
      - conda: https://conda.anaconda.org/conda-forge/linux-64/krb5-1.21.3-h659f571_0.conda
      - conda: https://conda.anaconda.org/conda-forge/linux-64/ld_impl_linux-64-2.44-ha97dd6f_2.conda
      - conda: https://conda.anaconda.org/conda-forge/linux-64/libaec-1.1.4-h3f801dc_0.conda
      - conda: https://conda.anaconda.org/conda-forge/linux-64/libblas-3.9.0-36_h4a7cf45_openblas.conda
      - conda: https://conda.anaconda.org/conda-forge/linux-64/libcblas-3.9.0-36_h0358290_openblas.conda
      - conda: https://conda.anaconda.org/conda-forge/linux-64/libcint-6.1.3-h64ba90f_0.conda
      - conda: https://conda.anaconda.org/conda-forge/linux-64/libcurl-8.14.1-h332b0f4_0.conda
      - conda: https://conda.anaconda.org/nvidia/linux-64/libcutensor-cuda-12-2.3.1.0-ha503d0f_0.tar.bz2
      - conda: https://conda.anaconda.org/conda-forge/linux-64/libedit-3.1.20250104-pl5321h7949ede_0.conda
      - conda: https://conda.anaconda.org/conda-forge/linux-64/libev-4.33-hd590300_2.conda
      - conda: https://conda.anaconda.org/conda-forge/linux-64/libexpat-2.7.1-hecca717_0.conda
      - conda: https://conda.anaconda.org/conda-forge/linux-64/libffi-3.4.6-h2dba641_1.conda
      - conda: https://conda.anaconda.org/conda-forge/linux-64/libgcc-15.2.0-h767d61c_7.conda
      - conda: https://conda.anaconda.org/conda-forge/linux-64/libgcc-ng-15.2.0-h69a702a_7.conda
      - conda: https://conda.anaconda.org/conda-forge/linux-64/libgfortran-15.2.0-h69a702a_7.conda
      - conda: https://conda.anaconda.org/conda-forge/linux-64/libgfortran5-15.2.0-hcd61629_7.conda
      - conda: https://conda.anaconda.org/conda-forge/linux-64/libgomp-15.2.0-h767d61c_7.conda
      - conda: https://conda.anaconda.org/conda-forge/linux-64/liblapack-3.9.0-36_h47877c9_openblas.conda
      - conda: https://conda.anaconda.org/conda-forge/linux-64/liblzma-5.8.1-hb9d3cd8_2.conda
      - conda: https://conda.anaconda.org/conda-forge/linux-64/libmpdec-4.0.0-hb9d3cd8_0.conda
      - conda: https://conda.anaconda.org/conda-forge/linux-64/libnghttp2-1.67.0-had1ee68_0.conda
      - conda: https://conda.anaconda.org/conda-forge/linux-64/libopenblas-0.3.30-pthreads_h94d23a6_2.conda
      - conda: https://conda.anaconda.org/conda-forge/linux-64/libsqlite-3.50.4-h0c1763c_0.conda
      - conda: https://conda.anaconda.org/conda-forge/linux-64/libssh2-1.11.1-hcf80075_0.conda
      - conda: https://conda.anaconda.org/conda-forge/linux-64/libstdcxx-15.2.0-h8f9b012_7.conda
      - conda: https://conda.anaconda.org/conda-forge/linux-64/libstdcxx-ng-15.2.0-h4852527_7.conda
      - conda: https://conda.anaconda.org/conda-forge/linux-64/libuuid-2.41.2-he9a06e4_0.conda
      - conda: https://conda.anaconda.org/conda-forge/linux-64/libxc-c-7.0.0-cpu_h75f4f88_3.conda
      - conda: https://conda.anaconda.org/conda-forge/linux-64/libzlib-1.3.1-hb9d3cd8_2.conda
      - conda: https://conda.anaconda.org/conda-forge/linux-64/nccl-2.27.7.1-h49b9d9a_3.conda
      - conda: https://conda.anaconda.org/conda-forge/linux-64/ncurses-6.5-h2d0b736_3.conda
      - conda: https://conda.anaconda.org/conda-forge/noarch/networkx-3.5-pyhe01879c_0.conda
      - conda: https://conda.anaconda.org/conda-forge/linux-64/numpy-2.3.3-py313hf6604e3_0.conda
      - conda: https://conda.anaconda.org/conda-forge/linux-64/openssl-3.5.4-h26f9b46_0.conda
      - conda: https://conda.anaconda.org/conda-forge/noarch/pip-25.2-pyh145f28c_0.conda
      - conda: https://conda.anaconda.org/conda-forge/noarch/pybind11-abi-4-hd8ed1ab_3.tar.bz2
      - conda: https://conda.anaconda.org/conda-forge/linux-64/pyscf-2.10.0-py313h3b404c9_1.conda
      - conda: https://conda.anaconda.org/conda-forge/linux-64/python-3.13.7-h2b335a9_100_cp313.conda
      - conda: https://conda.anaconda.org/conda-forge/noarch/python_abi-3.13-8_cp313.conda
      - conda: https://conda.anaconda.org/conda-forge/linux-64/readline-8.2-h8c095d6_2.conda
      - conda: https://conda.anaconda.org/conda-forge/noarch/referencing-0.36.2-pyh29332c3_0.conda
      - conda: https://conda.anaconda.org/conda-forge/linux-64/regex-2025.9.18-py313h07c4f96_0.conda
      - conda: https://conda.anaconda.org/conda-forge/linux-64/rpds-py-0.27.1-py313h843e2db_1.conda
      - conda: https://conda.anaconda.org/conda-forge/linux-64/scipy-1.16.2-py313h11c21cd_0.conda
      - conda: https://conda.anaconda.org/conda-forge/noarch/setuptools-80.9.0-pyhff2d567_0.conda
      - conda: https://conda.anaconda.org/conda-forge/noarch/six-1.17.0-pyhe01879c_1.conda
      - conda: https://conda.anaconda.org/conda-forge/linux-64/tk-8.6.13-noxft_hd72426e_102.conda
      - conda: https://conda.anaconda.org/conda-forge/noarch/typing_extensions-4.15.0-pyhcf101f3_0.conda
      - conda: https://conda.anaconda.org/conda-forge/noarch/tzdata-2025b-h78e105d_0.conda
      - conda: https://conda.anaconda.org/conda-forge/noarch/unidecode-1.3.8-pyh29332c3_1.conda
      - conda: https://conda.anaconda.org/conda-forge/linux-64/xcfun-2.1.1-ha10ce33_8.conda
      - conda: https://conda.anaconda.org/conda-forge/linux-64/zstd-1.5.7-hb8e6e7a_2.conda
      - pypi: https://files.pythonhosted.org/packages/f8/b8/30127bcdac53a25f94ee201bf4802fcd8d012145567d77c54174d6d01c01/cupy_cuda12x-13.6.0-cp313-cp313-manylinux2014_x86_64.whl
      - pypi: https://files.pythonhosted.org/packages/f9/4e/94480fb3fd93991dd6f4e658b77698edc343f57caa2870d77b38c89c2e3b/fastrlock-0.8.3-cp313-cp313-manylinux_2_5_x86_64.manylinux1_x86_64.manylinux_2_28_x86_64.whl
      - pypi: https://files.pythonhosted.org/packages/c7/c7/7e4a01e0ad4f2ba8b5d8a45a67835d2dd5e302884aa9ebbe1eaa9cdc4248/gpu4pyscf_cuda12x-1.4.3-py3-none-manylinux_2_17_x86_64.manylinux2014_x86_64.whl
      - pypi: https://files.pythonhosted.org/packages/c8/6e/f88e31fd6ef6eab7a1bd6f8811dc251c443ab3b3fe4a521379d0c8be2053/gpu4pyscf_libxc_cuda12x-0.5-py3-none-manylinux_2_17_x86_64.manylinux2014_x86_64.whl
      - pypi: https://files.pythonhosted.org/packages/bc/46/a92db19b8309581092a3add7e6fceb4c301a3fd233969856a8cbf042cd3c/nvidia_cuda_runtime_cu12-12.9.79-py3-none-manylinux2014_x86_64.manylinux_2_17_x86_64.whl
      - pypi: https://files.pythonhosted.org/packages/69/01/1b6fbffb4189bd6f9cab4bff31cd3fcd053aa07e1f7c62c012010b1e23d3/pyscf_dispersion-1.3.0-py3-none-manylinux_2_17_x86_64.manylinux2014_x86_64.whl
packages:
- conda: https://conda.anaconda.org/conda-forge/linux-64/_libgcc_mutex-0.1-conda_forge.tar.bz2
  sha256: fe51de6107f9edc7aa4f786a70f4a883943bc9d39b3bb7307c04c41410990726
  md5: d7c89558ba9fa0495403155b64376d81
  license: None
  purls: []
  size: 2562
  timestamp: 1578324546067
- conda: https://conda.anaconda.org/conda-forge/linux-64/_openmp_mutex-4.5-2_gnu.tar.bz2
  build_number: 16
  sha256: fbe2c5e56a653bebb982eda4876a9178aedfc2b545f25d0ce9c4c0b508253d22
  md5: 73aaf86a425cc6e73fcf236a5a46396d
  depends:
  - _libgcc_mutex 0.1 conda_forge
  - libgomp >=7.5.0
  constrains:
  - openmp_impl 9999
  license: BSD-3-Clause
  license_family: BSD
  purls: []
  size: 23621
  timestamp: 1650670423406
- conda: https://conda.anaconda.org/conda-forge/noarch/argcomplete-3.6.2-pyhd8ed1ab_0.conda
  sha256: 66ffcf30550e0788d16090e4b4e8835290b15439bb454b0e217176a09dc1d500
  md5: eb9d4263271ca287d2e0cf5a86da2d3a
  depends:
  - python >=3.9
  license: Apache-2.0
  license_family: Apache
  purls:
  - pkg:pypi/argcomplete?source=hash-mapping
  size: 42164
  timestamp: 1743726091226
- conda: https://conda.anaconda.org/conda-forge/noarch/attrs-25.4.0-pyh71513ae_0.conda
  sha256: f6c3c19fa599a1a856a88db166c318b148cac3ee4851a9905ed8a04eeec79f45
  md5: c7944d55af26b6d2d7629e27e9a972c1
  depends:
  - python >=3.10
  license: MIT
  license_family: MIT
  purls:
  - pkg:pypi/attrs?source=compressed-mapping
  size: 60101
  timestamp: 1759762331492
- conda: https://conda.anaconda.org/conda-forge/noarch/basis_set_exchange-0.11-pyhd8ed1ab_0.conda
  sha256: db5f0e0e606d6d73040d90fd9e54ada88f5c6d67a0e448866171a565666a0d8f
  md5: 0b396fbefe685c3972f4757e3fabc721
  depends:
  - argcomplete
  - jsonschema
  - python >=3.9
  - regex
  - unidecode
  license: BSD-3-Clause
  license_family: BSD
  purls:
  - pkg:pypi/basis-set-exchange?source=hash-mapping
  size: 30040739
  timestamp: 1737819442959
- conda: https://conda.anaconda.org/conda-forge/linux-64/bzip2-1.0.8-hda65f42_8.conda
  sha256: c30daba32ddebbb7ded490f0e371eae90f51e72db620554089103b4a6934b0d5
  md5: 51a19bba1b8ebfb60df25cde030b7ebc
  depends:
  - __glibc >=2.17,<3.0.a0
  - libgcc >=14
  license: bzip2-1.0.6
  license_family: BSD
  purls: []
  size: 260341
  timestamp: 1757437258798
- conda: https://conda.anaconda.org/conda-forge/linux-64/c-ares-1.34.5-hb9d3cd8_0.conda
  sha256: f8003bef369f57396593ccd03d08a8e21966157269426f71e943f96e4b579aeb
  md5: f7f0d6cc2dc986d42ac2689ec88192be
  depends:
  - __glibc >=2.17,<3.0.a0
  - libgcc >=13
  license: MIT
  license_family: MIT
  purls: []
  size: 206884
  timestamp: 1744127994291
- conda: https://conda.anaconda.org/conda-forge/noarch/ca-certificates-2025.10.5-hbd8a1cb_0.conda
  sha256: 3b5ad78b8bb61b6cdc0978a6a99f8dfb2cc789a451378d054698441005ecbdb6
  md5: f9e5fbc24009179e8b0409624691758a
  depends:
  - __unix
  license: ISC
  purls: []
  size: 155907
  timestamp: 1759649036195
- conda: https://conda.anaconda.org/conda-forge/noarch/cached-property-1.5.2-hd8ed1ab_1.tar.bz2
  noarch: python
  sha256: 561e6660f26c35d137ee150187d89767c988413c978e1b712d53f27ddf70ea17
  md5: 9b347a7ec10940d3f7941ff6c460b551
  depends:
  - cached_property >=1.5.2,<1.5.3.0a0
  license: BSD-3-Clause
  license_family: BSD
  purls: []
  size: 4134
  timestamp: 1615209571450
- conda: https://conda.anaconda.org/conda-forge/noarch/cached_property-1.5.2-pyha770c72_1.tar.bz2
  sha256: 6dbf7a5070cc43d90a1e4c2ec0c541c69d8e30a0e25f50ce9f6e4a432e42c5d7
  md5: 576d629e47797577ab0f1b351297ef4a
  depends:
  - python >=3.6
  license: BSD-3-Clause
  license_family: BSD
  purls:
  - pkg:pypi/cached-property?source=hash-mapping
  size: 11065
  timestamp: 1615209567874
- conda: https://conda.anaconda.org/conda-forge/noarch/cuda-version-12.9-h4f385c5_3.conda
  sha256: 5f5f428031933f117ff9f7fcc650e6ea1b3fef5936cf84aa24af79167513b656
  md5: b6d5d7f1c171cbd228ea06b556cfa859
  constrains:
  - cudatoolkit 12.9|12.9.*
  - __cuda >=12
  license: LicenseRef-NVIDIA-End-User-License-Agreement
  purls: []
  size: 21578
  timestamp: 1746134436166
- pypi: https://files.pythonhosted.org/packages/f8/b8/30127bcdac53a25f94ee201bf4802fcd8d012145567d77c54174d6d01c01/cupy_cuda12x-13.6.0-cp313-cp313-manylinux2014_x86_64.whl
  name: cupy-cuda12x
  version: 13.6.0
  sha256: 52d9e7f83d920da7d81ec2e791c2c2c747fdaa1d7b811971b34865ce6371e98a
  requires_dist:
  - numpy>=1.22,<2.6
  - fastrlock>=0.5
  - scipy>=1.7,<1.17 ; extra == 'all'
  - cython>=3 ; extra == 'all'
  - optuna>=2.0 ; extra == 'all'
  - packaging ; extra == 'test'
  - pytest>=7.2 ; extra == 'test'
  - hypothesis>=6.37.2,<6.55.0 ; extra == 'test'
  - mpmath ; extra == 'test'
  requires_python: '>=3.9'
- pypi: https://files.pythonhosted.org/packages/f9/4e/94480fb3fd93991dd6f4e658b77698edc343f57caa2870d77b38c89c2e3b/fastrlock-0.8.3-cp313-cp313-manylinux_2_5_x86_64.manylinux1_x86_64.manylinux_2_28_x86_64.whl
  name: fastrlock
  version: 0.8.3
  sha256: dbdea6deeccea1917c6017d353987231c4e46c93d5338ca3e66d6cd88fbce259
- conda: https://conda.anaconda.org/conda-forge/noarch/geometric-1.1-pyhd8ed1ab_1.conda
  sha256: 1303a076ab36deec732c55adc4f3beebea04f82148e999e1cfb5bd52e540e0e2
  md5: 6cc2168965a7f8d18e79979ab6902dfc
  depends:
  - networkx
  - numpy
  - python >=3.9
  - scipy
  - setuptools
  - six
  license: MIT
  license_family: MIT
  purls:
  - pkg:pypi/geometric?source=hash-mapping
  size: 316847
  timestamp: 1738095671100
- pypi: https://files.pythonhosted.org/packages/c7/c7/7e4a01e0ad4f2ba8b5d8a45a67835d2dd5e302884aa9ebbe1eaa9cdc4248/gpu4pyscf_cuda12x-1.4.3-py3-none-manylinux_2_17_x86_64.manylinux2014_x86_64.whl
  name: gpu4pyscf-cuda12x
  version: 1.4.3
  sha256: ecd7b7c236af4407ed514765f18684ed1a5db83115e053b8d715df47e3702b9e
  requires_dist:
  - pyscf>=2.8.0
  - pyscf-dispersion
  - cupy-cuda12x>=13.0,!=13.4.0
  - geometric
  - gpu4pyscf-libxc-cuda12x==0.5
- pypi: https://files.pythonhosted.org/packages/c8/6e/f88e31fd6ef6eab7a1bd6f8811dc251c443ab3b3fe4a521379d0c8be2053/gpu4pyscf_libxc_cuda12x-0.5-py3-none-manylinux_2_17_x86_64.manylinux2014_x86_64.whl
  name: gpu4pyscf-libxc-cuda12x
  version: '0.5'
  sha256: 67e5763edf15ee14b95263229a8a36a4e377ebd0e3b6e9eec173fd877ed60280
- conda: https://conda.anaconda.org/conda-forge/linux-64/h5py-3.14.0-nompi_py313h253c126_101.conda
  sha256: bd17ac3a6d377dee0a5d38badb8794979e8dd164b169d9b376543905795ab90b
  md5: b50dbba4c535b8fbd8ac7bedf00c029b
  depends:
  - __glibc >=2.17,<3.0.a0
  - cached-property
  - hdf5 >=1.14.6,<1.14.7.0a0
  - libgcc >=14
  - numpy >=1.23,<3
  - python >=3.13,<3.14.0a0
  - python_abi 3.13.* *_cp313
  license: BSD-3-Clause
  license_family: BSD
  purls:
  - pkg:pypi/h5py?source=hash-mapping
  size: 1323142
  timestamp: 1756767170664
- conda: https://conda.anaconda.org/conda-forge/linux-64/hdf5-1.14.6-nompi_h6e4c0c1_103.conda
  sha256: 4f173af9e2299de7eee1af3d79e851bca28ee71e7426b377e841648b51d48614
  md5: c74d83614aec66227ae5199d98852aaf
  depends:
  - __glibc >=2.17,<3.0.a0
  - libaec >=1.1.4,<2.0a0
  - libcurl >=8.14.1,<9.0a0
  - libgcc >=14
  - libgfortran
  - libgfortran5 >=14.3.0
  - libstdcxx >=14
  - libzlib >=1.3.1,<2.0a0
  - openssl >=3.5.1,<4.0a0
  license: BSD-3-Clause
  license_family: BSD
  purls: []
  size: 3710057
  timestamp: 1753357500665
- conda: https://conda.anaconda.org/conda-forge/noarch/jsonschema-4.25.1-pyhe01879c_0.conda
  sha256: ac377ef7762e49cb9c4f985f1281eeff471e9adc3402526eea78e6ac6589cf1d
  md5: 341fd940c242cf33e832c0402face56f
  depends:
  - attrs >=22.2.0
  - jsonschema-specifications >=2023.3.6
  - python >=3.9
  - referencing >=0.28.4
  - rpds-py >=0.7.1
  - python
  license: MIT
  license_family: MIT
  purls:
  - pkg:pypi/jsonschema?source=compressed-mapping
  size: 81688
  timestamp: 1755595646123
- conda: https://conda.anaconda.org/conda-forge/noarch/jsonschema-specifications-2025.9.1-pyhcf101f3_0.conda
  sha256: 0a4f3b132f0faca10c89fdf3b60e15abb62ded6fa80aebfc007d05965192aa04
  md5: 439cd0f567d697b20a8f45cb70a1005a
  depends:
  - python >=3.10
  - referencing >=0.31.0
  - python
  license: MIT
  license_family: MIT
  purls:
  - pkg:pypi/jsonschema-specifications?source=compressed-mapping
  size: 19236
  timestamp: 1757335715225
- conda: https://conda.anaconda.org/conda-forge/linux-64/keyutils-1.6.3-hb9d3cd8_0.conda
  sha256: 0960d06048a7185d3542d850986d807c6e37ca2e644342dd0c72feefcf26c2a4
  md5: b38117a3c920364aff79f870c984b4a3
  depends:
  - __glibc >=2.17,<3.0.a0
  - libgcc >=13
  license: LGPL-2.1-or-later
  purls: []
  size: 134088
  timestamp: 1754905959823
- conda: https://conda.anaconda.org/conda-forge/linux-64/krb5-1.21.3-h659f571_0.conda
  sha256: 99df692f7a8a5c27cd14b5fb1374ee55e756631b9c3d659ed3ee60830249b238
  md5: 3f43953b7d3fb3aaa1d0d0723d91e368
  depends:
  - keyutils >=1.6.1,<2.0a0
  - libedit >=3.1.20191231,<3.2.0a0
  - libedit >=3.1.20191231,<4.0a0
  - libgcc-ng >=12
  - libstdcxx-ng >=12
  - openssl >=3.3.1,<4.0a0
  license: MIT
  license_family: MIT
  purls: []
  size: 1370023
  timestamp: 1719463201255
- conda: https://conda.anaconda.org/conda-forge/linux-64/ld_impl_linux-64-2.44-ha97dd6f_2.conda
  sha256: 707dfb8d55d7a5c6f95c772d778ef07a7ca85417d9971796f7d3daad0b615de8
  md5: 14bae321b8127b63cba276bd53fac237
  depends:
  - __glibc >=2.17,<3.0.a0
  constrains:
  - binutils_impl_linux-64 2.44
  license: GPL-3.0-only
  license_family: GPL
  purls: []
  size: 747158
  timestamp: 1758810907507
- conda: https://conda.anaconda.org/conda-forge/linux-64/libaec-1.1.4-h3f801dc_0.conda
  sha256: 410ab78fe89bc869d435de04c9ffa189598ac15bb0fe1ea8ace8fb1b860a2aa3
  md5: 01ba04e414e47f95c03d6ddd81fd37be
  depends:
  - __glibc >=2.17,<3.0.a0
  - libgcc >=13
  - libstdcxx >=13
  license: BSD-2-Clause
  license_family: BSD
  purls: []
  size: 36825
  timestamp: 1749993532943
- conda: https://conda.anaconda.org/conda-forge/linux-64/libblas-3.9.0-36_h4a7cf45_openblas.conda
  build_number: 36
  sha256: a1670eb8c9293f37a245e313bd9d72a301c79e8668a6a5d418c90335719fbaff
  md5: 2a6122504dc8ea139337046d34a110cb
  depends:
  - libopenblas >=0.3.30,<0.3.31.0a0
  - libopenblas >=0.3.30,<1.0a0
  constrains:
  - liblapacke 3.9.0   36*_openblas
  - blas 2.136   openblas
  - liblapack  3.9.0   36*_openblas
  - mkl <2025
  - libcblas   3.9.0   36*_openblas
  license: BSD-3-Clause
  license_family: BSD
  purls: []
  size: 17421
  timestamp: 1758396490057
- conda: https://conda.anaconda.org/conda-forge/linux-64/libcblas-3.9.0-36_h0358290_openblas.conda
  build_number: 36
  sha256: 45110023d1661062288168c6ee01510bcb472ba2f5184492acdcdd3d1af9b58d
  md5: 13a3fe5f9812ac8c5710ef8c03105121
  depends:
  - libblas 3.9.0 36_h4a7cf45_openblas
  constrains:
  - liblapacke 3.9.0   36*_openblas
  - blas 2.136   openblas
  - liblapack  3.9.0   36*_openblas
  license: BSD-3-Clause
  license_family: BSD
  purls: []
  size: 17401
  timestamp: 1758396499759
- conda: https://conda.anaconda.org/conda-forge/linux-64/libcint-6.1.3-h64ba90f_0.conda
  sha256: 36b533f4143ac62ce84f0307ea861f795f12fd322742c9e3ca03064b81d2458a
  md5: d3112fe7c407cdff04d7e07382661bf0
  depends:
  - __glibc >=2.17,<3.0.a0
  - libgcc >=14
  license: BSD-2-Clause
  license_family: BSD
  purls: []
  size: 27656643
  timestamp: 1755461345078
- conda: https://conda.anaconda.org/conda-forge/linux-64/libcurl-8.14.1-h332b0f4_0.conda
  sha256: b6c5cf340a4f80d70d64b3a29a7d9885a5918d16a5cb952022820e6d3e79dc8b
  md5: 45f6713cb00f124af300342512219182
  depends:
  - __glibc >=2.17,<3.0.a0
  - krb5 >=1.21.3,<1.22.0a0
  - libgcc >=13
  - libnghttp2 >=1.64.0,<2.0a0
  - libssh2 >=1.11.1,<2.0a0
  - libzlib >=1.3.1,<2.0a0
  - openssl >=3.5.0,<4.0a0
  - zstd >=1.5.7,<1.6.0a0
  license: curl
  license_family: MIT
  purls: []
  size: 449910
  timestamp: 1749033146806
- conda: https://conda.anaconda.org/nvidia/linux-64/libcutensor-cuda-12-2.3.1.0-ha503d0f_0.tar.bz2
  sha256: fbef4b5a445fac1908d76616c395971753c8fb7126250e51dc416535457b8fb0
  md5: efa5d90999f6a300c3844c5e5e9f648b
  size: 219820867
  timestamp: 1755871842347
- conda: https://conda.anaconda.org/conda-forge/linux-64/libedit-3.1.20250104-pl5321h7949ede_0.conda
  sha256: d789471216e7aba3c184cd054ed61ce3f6dac6f87a50ec69291b9297f8c18724
  md5: c277e0a4d549b03ac1e9d6cbbe3d017b
  depends:
  - ncurses
  - __glibc >=2.17,<3.0.a0
  - libgcc >=13
  - ncurses >=6.5,<7.0a0
  license: BSD-2-Clause
  license_family: BSD
  purls: []
  size: 134676
  timestamp: 1738479519902
- conda: https://conda.anaconda.org/conda-forge/linux-64/libev-4.33-hd590300_2.conda
  sha256: 1cd6048169fa0395af74ed5d8f1716e22c19a81a8a36f934c110ca3ad4dd27b4
  md5: 172bf1cd1ff8629f2b1179945ed45055
  depends:
  - libgcc-ng >=12
  license: BSD-2-Clause
  license_family: BSD
  purls: []
  size: 112766
  timestamp: 1702146165126
- conda: https://conda.anaconda.org/conda-forge/linux-64/libexpat-2.7.1-hecca717_0.conda
  sha256: da2080da8f0288b95dd86765c801c6e166c4619b910b11f9a8446fb852438dc2
  md5: 4211416ecba1866fab0c6470986c22d6
  depends:
  - __glibc >=2.17,<3.0.a0
  - libgcc >=14
  constrains:
  - expat 2.7.1.*
  license: MIT
  license_family: MIT
  purls: []
  size: 74811
  timestamp: 1752719572741
- conda: https://conda.anaconda.org/conda-forge/linux-64/libffi-3.4.6-h2dba641_1.conda
  sha256: 764432d32db45466e87f10621db5b74363a9f847d2b8b1f9743746cd160f06ab
  md5: ede4673863426c0883c0063d853bbd85
  depends:
  - __glibc >=2.17,<3.0.a0
  - libgcc >=13
  license: MIT
  license_family: MIT
  purls: []
  size: 57433
  timestamp: 1743434498161
- conda: https://conda.anaconda.org/conda-forge/linux-64/libgcc-15.2.0-h767d61c_7.conda
  sha256: 08f9b87578ab981c7713e4e6a7d935e40766e10691732bba376d4964562bcb45
  md5: c0374badb3a5d4b1372db28d19462c53
  depends:
  - __glibc >=2.17,<3.0.a0
  - _openmp_mutex >=4.5
  constrains:
  - libgomp 15.2.0 h767d61c_7
  - libgcc-ng ==15.2.0=*_7
  license: GPL-3.0-only WITH GCC-exception-3.1
  purls: []
  size: 822552
  timestamp: 1759968052178
- conda: https://conda.anaconda.org/conda-forge/linux-64/libgcc-ng-15.2.0-h69a702a_7.conda
  sha256: 2045066dd8e6e58aaf5ae2b722fb6dfdbb57c862b5f34ac7bfb58c40ef39b6ad
  md5: 280ea6eee9e2ddefde25ff799c4f0363
  depends:
  - libgcc 15.2.0 h767d61c_7
  license: GPL-3.0-only WITH GCC-exception-3.1
  purls: []
  size: 29313
  timestamp: 1759968065504
- conda: https://conda.anaconda.org/conda-forge/linux-64/libgfortran-15.2.0-h69a702a_7.conda
  sha256: 9ca24328e31c8ef44a77f53104773b9fe50ea8533f4c74baa8489a12de916f02
  md5: 8621a450add4e231f676646880703f49
  depends:
  - libgfortran5 15.2.0 hcd61629_7
  constrains:
  - libgfortran-ng ==15.2.0=*_7
  license: GPL-3.0-only WITH GCC-exception-3.1
  purls: []
  size: 29275
  timestamp: 1759968110483
- conda: https://conda.anaconda.org/conda-forge/linux-64/libgfortran5-15.2.0-hcd61629_7.conda
  sha256: e93ceda56498d98c9f94fedec3e2d00f717cbedfc97c49be0e5a5828802f2d34
  md5: f116940d825ffc9104400f0d7f1a4551
  depends:
  - __glibc >=2.17,<3.0.a0
  - libgcc >=15.2.0
  constrains:
  - libgfortran 15.2.0
  license: GPL-3.0-only WITH GCC-exception-3.1
  purls: []
  size: 1572758
  timestamp: 1759968082504
- conda: https://conda.anaconda.org/conda-forge/linux-64/libgomp-15.2.0-h767d61c_7.conda
  sha256: e9fb1c258c8e66ee278397b5822692527c5f5786d372fe7a869b900853f3f5ca
  md5: f7b4d76975aac7e5d9e6ad13845f92fe
  depends:
  - __glibc >=2.17,<3.0.a0
  license: GPL-3.0-only WITH GCC-exception-3.1
  purls: []
  size: 447919
  timestamp: 1759967942498
- conda: https://conda.anaconda.org/conda-forge/linux-64/liblapack-3.9.0-36_h47877c9_openblas.conda
  build_number: 36
  sha256: 1bbd142b34dfc8cb55e1e37c00e78ebba909542ac1054d22fc54843a94797337
  md5: 55daaac7ecf8ebd169cdbe34dc79549e
  depends:
  - libblas 3.9.0 36_h4a7cf45_openblas
  constrains:
  - liblapacke 3.9.0   36*_openblas
  - libcblas   3.9.0   36*_openblas
  - blas 2.136   openblas
  license: BSD-3-Clause
  license_family: BSD
  purls: []
  size: 17409
  timestamp: 1758396509549
- conda: https://conda.anaconda.org/conda-forge/linux-64/liblzma-5.8.1-hb9d3cd8_2.conda
  sha256: f2591c0069447bbe28d4d696b7fcb0c5bd0b4ac582769b89addbcf26fb3430d8
  md5: 1a580f7796c7bf6393fddb8bbbde58dc
  depends:
  - __glibc >=2.17,<3.0.a0
  - libgcc >=13
  constrains:
  - xz 5.8.1.*
  license: 0BSD
  purls: []
  size: 112894
  timestamp: 1749230047870
- conda: https://conda.anaconda.org/conda-forge/linux-64/libmpdec-4.0.0-hb9d3cd8_0.conda
  sha256: 3aa92d4074d4063f2a162cd8ecb45dccac93e543e565c01a787e16a43501f7ee
  md5: c7e925f37e3b40d893459e625f6a53f1
  depends:
  - __glibc >=2.17,<3.0.a0
  - libgcc >=13
  license: BSD-2-Clause
  license_family: BSD
  purls: []
  size: 91183
  timestamp: 1748393666725
- conda: https://conda.anaconda.org/conda-forge/linux-64/libnghttp2-1.67.0-had1ee68_0.conda
  sha256: a4a7dab8db4dc81c736e9a9b42bdfd97b087816e029e221380511960ac46c690
  md5: b499ce4b026493a13774bcf0f4c33849
  depends:
  - __glibc >=2.17,<3.0.a0
  - c-ares >=1.34.5,<2.0a0
  - libev >=4.33,<4.34.0a0
  - libev >=4.33,<5.0a0
  - libgcc >=14
  - libstdcxx >=14
  - libzlib >=1.3.1,<2.0a0
  - openssl >=3.5.2,<4.0a0
  license: MIT
  license_family: MIT
  purls: []
  size: 666600
  timestamp: 1756834976695
- conda: https://conda.anaconda.org/conda-forge/linux-64/libopenblas-0.3.30-pthreads_h94d23a6_2.conda
  sha256: 1b51d1f96e751dc945cc06f79caa91833b0c3326efe24e9b506bd64ef49fc9b0
  md5: dfc5aae7b043d9f56ba99514d5e60625
  depends:
  - __glibc >=2.17,<3.0.a0
  - libgcc >=14
  - libgfortran
  - libgfortran5 >=14.3.0
  constrains:
  - openblas >=0.3.30,<0.3.31.0a0
  license: BSD-3-Clause
  license_family: BSD
  purls: []
  size: 5938936
  timestamp: 1755474342204
- conda: https://conda.anaconda.org/conda-forge/linux-64/libsqlite-3.50.4-h0c1763c_0.conda
  sha256: 6d9c32fc369af5a84875725f7ddfbfc2ace795c28f246dc70055a79f9b2003da
  md5: 0b367fad34931cb79e0d6b7e5c06bb1c
  depends:
  - __glibc >=2.17,<3.0.a0
  - libgcc >=14
  - libzlib >=1.3.1,<2.0a0
  license: blessing
  purls: []
  size: 932581
  timestamp: 1753948484112
- conda: https://conda.anaconda.org/conda-forge/linux-64/libssh2-1.11.1-hcf80075_0.conda
  sha256: fa39bfd69228a13e553bd24601332b7cfeb30ca11a3ca50bb028108fe90a7661
  md5: eecce068c7e4eddeb169591baac20ac4
  depends:
  - __glibc >=2.17,<3.0.a0
  - libgcc >=13
  - libzlib >=1.3.1,<2.0a0
  - openssl >=3.5.0,<4.0a0
  license: BSD-3-Clause
  license_family: BSD
  purls: []
  size: 304790
  timestamp: 1745608545575
- conda: https://conda.anaconda.org/conda-forge/linux-64/libstdcxx-15.2.0-h8f9b012_7.conda
  sha256: 1b981647d9775e1cdeb2fab0a4dd9cd75a6b0de2963f6c3953dbd712f78334b3
  md5: 5b767048b1b3ee9a954b06f4084f93dc
  depends:
  - __glibc >=2.17,<3.0.a0
  - libgcc 15.2.0 h767d61c_7
  constrains:
  - libstdcxx-ng ==15.2.0=*_7
  license: GPL-3.0-only WITH GCC-exception-3.1
  purls: []
  size: 3898269
  timestamp: 1759968103436
- conda: https://conda.anaconda.org/conda-forge/linux-64/libstdcxx-ng-15.2.0-h4852527_7.conda
  sha256: 024fd46ac3ea8032a5ec3ea7b91c4c235701a8bf0e6520fe5e6539992a6bd05f
  md5: f627678cf829bd70bccf141a19c3ad3e
  depends:
  - libstdcxx 15.2.0 h8f9b012_7
  license: GPL-3.0-only WITH GCC-exception-3.1
  purls: []
  size: 29343
  timestamp: 1759968157195
- conda: https://conda.anaconda.org/conda-forge/linux-64/libuuid-2.41.2-he9a06e4_0.conda
  sha256: e5ec6d2ad7eef538ddcb9ea62ad4346fde70a4736342c4ad87bd713641eb9808
  md5: 80c07c68d2f6870250959dcc95b209d1
  depends:
  - __glibc >=2.17,<3.0.a0
  - libgcc >=14
  license: BSD-3-Clause
  license_family: BSD
  purls: []
  size: 37135
  timestamp: 1758626800002
- conda: https://conda.anaconda.org/conda-forge/linux-64/libxc-c-7.0.0-cpu_h75f4f88_3.conda
  sha256: d231eb13ba0404262ddda5f883039bc4c914cd1cd93e86366babb7af5f39d8bb
  md5: bb89df106c4c8205f717e8c4e86192b4
  depends:
  - __glibc >=2.17,<3.0.a0
  - libgcc >=14
  license: MPL-2.0
  license_family: Other
  purls: []
  size: 58672874
  timestamp: 1755111709430
- conda: https://conda.anaconda.org/conda-forge/linux-64/libzlib-1.3.1-hb9d3cd8_2.conda
  sha256: d4bfe88d7cb447768e31650f06257995601f89076080e76df55e3112d4e47dc4
  md5: edb0dca6bc32e4f4789199455a1dbeb8
  depends:
  - __glibc >=2.17,<3.0.a0
  - libgcc >=13
  constrains:
  - zlib 1.3.1 *_2
  license: Zlib
  license_family: Other
  purls: []
  size: 60963
  timestamp: 1727963148474
- conda: https://conda.anaconda.org/conda-forge/linux-64/nccl-2.27.7.1-h49b9d9a_3.conda
  sha256: 545bd71293b57322e0ff271bd5bac07021ce57740cac2a3207b4df271fd3b5d8
  md5: e3138c02cf940636811064f1a088470e
  depends:
  - __glibc >=2.17,<3.0.a0
  - cuda-version >=12,<13.0a0
  - libgcc >=14
  - libstdcxx >=14
  license: BSD-3-Clause
  license_family: BSD
  purls: []
  size: 213736261
  timestamp: 1757637923944
- conda: https://conda.anaconda.org/conda-forge/linux-64/ncurses-6.5-h2d0b736_3.conda
  sha256: 3fde293232fa3fca98635e1167de6b7c7fda83caf24b9d6c91ec9eefb4f4d586
  md5: 47e340acb35de30501a76c7c799c41d7
  depends:
  - __glibc >=2.17,<3.0.a0
  - libgcc >=13
  license: X11 AND BSD-3-Clause
  purls: []
  size: 891641
  timestamp: 1738195959188
- conda: https://conda.anaconda.org/conda-forge/noarch/networkx-3.5-pyhe01879c_0.conda
  sha256: 02019191a2597865940394ff42418b37bc585a03a1c643d7cea9981774de2128
  md5: 16bff3d37a4f99e3aa089c36c2b8d650
  depends:
  - python >=3.11
  - python
  constrains:
  - numpy >=1.25
  - scipy >=1.11.2
  - matplotlib >=3.8
  - pandas >=2.0
  license: BSD-3-Clause
  license_family: BSD
  purls:
  - pkg:pypi/networkx?source=hash-mapping
  size: 1564462
  timestamp: 1749078300258
- conda: https://conda.anaconda.org/conda-forge/linux-64/numpy-2.3.3-py313hf6604e3_0.conda
  sha256: 88d45c6dbedabbc8ebb19555bb3d04b5e2846ae8a7dfc2c0204b54f5f6efaef7
  md5: 3122d20dc438287e125fb5acff1df170
  depends:
  - python
  - libgcc >=14
  - libstdcxx >=14
  - libgcc >=14
  - __glibc >=2.17,<3.0.a0
  - liblapack >=3.9.0,<4.0a0
  - libblas >=3.9.0,<4.0a0
  - python_abi 3.13.* *_cp313
  - libcblas >=3.9.0,<4.0a0
  constrains:
  - numpy-base <0a0
  license: BSD-3-Clause
  license_family: BSD
  purls:
  - pkg:pypi/numpy?source=hash-mapping
  size: 8888776
  timestamp: 1757505485589
- pypi: https://files.pythonhosted.org/packages/bc/46/a92db19b8309581092a3add7e6fceb4c301a3fd233969856a8cbf042cd3c/nvidia_cuda_runtime_cu12-12.9.79-py3-none-manylinux2014_x86_64.manylinux_2_17_x86_64.whl
  name: nvidia-cuda-runtime-cu12
  version: 12.9.79
  sha256: 25bba2dfb01d48a9b59ca474a1ac43c6ebf7011f1b0b8cc44f54eb6ac48a96c3
  requires_python: '>=3'
- conda: https://conda.anaconda.org/conda-forge/linux-64/openssl-3.5.4-h26f9b46_0.conda
  sha256: e807f3bad09bdf4075dbb4168619e14b0c0360bacb2e12ef18641a834c8c5549
  md5: 14edad12b59ccbfa3910d42c72adc2a0
  depends:
  - __glibc >=2.17,<3.0.a0
  - ca-certificates
  - libgcc >=14
  license: Apache-2.0
  license_family: Apache
  purls: []
  size: 3119624
  timestamp: 1759324353651
- conda: https://conda.anaconda.org/conda-forge/noarch/pip-25.2-pyh145f28c_0.conda
  sha256: 20fe420bb29c7e655988fd0b654888e6d7755c1d380f82ca2f1bd2493b95d650
  md5: e7ab34d5a93e0819b62563c78635d937
  depends:
  - python >=3.13.0a0
  license: MIT
  license_family: MIT
  purls:
  - pkg:pypi/pip?source=hash-mapping
  size: 1179951
  timestamp: 1753925011027
- conda: https://conda.anaconda.org/conda-forge/noarch/pybind11-abi-4-hd8ed1ab_3.tar.bz2
  sha256: d4fb485b79b11042a16dc6abfb0c44c4f557707c2653ac47c81e5d32b24a3bb0
  md5: 878f923dd6acc8aeb47a75da6c4098be
  license: BSD-3-Clause
  license_family: BSD
  purls: []
  size: 9906
  timestamp: 1610372835205
- conda: https://conda.anaconda.org/conda-forge/linux-64/pyscf-2.10.0-py313h3b404c9_1.conda
  sha256: 5f55b81cfda229f65567753e117007aec46ad2ef9e0bf01be98337021291aa54
  md5: 6b2e871cc13e3130be5b9a49c4e1a5e1
  depends:
  - h5py >=2.7
  - numpy >=1.13,!=1.16,!=1.17
  - python
  - scipy >=0.19,!=1.5.0,!=1.5
  - setuptools
  - libstdcxx >=14
  - libgcc >=14
  - __glibc >=2.17,<3.0.a0
  - _openmp_mutex >=4.5
  - libxc-c >=7.0.0,<8.0a0 cpu_*
  - python_abi 3.13.* *_cp313
  - libcint >=6.1,<6.2.0a0
  - libblas >=3.9.0,<4.0a0
  - xcfun >=2.1.1,<2.2.0a0
  constrains:
  - pyberny >=0.6.2
  - geometric >=0.9.7.2
  license: Apache-2.0
  license_family: APACHE
  purls:
  - pkg:pypi/pyscf?source=hash-mapping
  size: 22704949
  timestamp: 1754997485668
- pypi: https://files.pythonhosted.org/packages/69/01/1b6fbffb4189bd6f9cab4bff31cd3fcd053aa07e1f7c62c012010b1e23d3/pyscf_dispersion-1.3.0-py3-none-manylinux_2_17_x86_64.manylinux2014_x86_64.whl
  name: pyscf-dispersion
  version: 1.3.0
  sha256: f17bf50d24d46b320ecea5441bac193b34b95896b89eb38dd9287013bfbcceb8
  requires_dist:
  - pyscf
- conda: https://conda.anaconda.org/conda-forge/linux-64/python-3.13.7-h2b335a9_100_cp313.conda
  build_number: 100
  sha256: 16cc30a5854f31ca6c3688337d34e37a79cdc518a06375fe3482ea8e2d6b34c8
  md5: 724dcf9960e933838247971da07fe5cf
  depends:
  - __glibc >=2.17,<3.0.a0
  - bzip2 >=1.0.8,<2.0a0
  - ld_impl_linux-64 >=2.36.1
  - libexpat >=2.7.1,<3.0a0
  - libffi >=3.4.6,<3.5.0a0
  - libgcc >=14
  - liblzma >=5.8.1,<6.0a0
  - libmpdec >=4.0.0,<5.0a0
  - libsqlite >=3.50.4,<4.0a0
  - libuuid >=2.38.1,<3.0a0
  - libzlib >=1.3.1,<2.0a0
  - ncurses >=6.5,<7.0a0
  - openssl >=3.5.2,<4.0a0
  - python_abi 3.13.* *_cp313
  - readline >=8.2,<9.0a0
  - tk >=8.6.13,<8.7.0a0
  - tzdata
  license: Python-2.0
  purls: []
  size: 33583088
  timestamp: 1756911465277
  python_site_packages_path: lib/python3.13/site-packages
- conda: https://conda.anaconda.org/conda-forge/noarch/python_abi-3.13-8_cp313.conda
  build_number: 8
  sha256: 210bffe7b121e651419cb196a2a63687b087497595c9be9d20ebe97dd06060a7
  md5: 94305520c52a4aa3f6c2b1ff6008d9f8
  constrains:
  - python 3.13.* *_cp313
  license: BSD-3-Clause
  license_family: BSD
  purls: []
  size: 7002
  timestamp: 1752805902938
- conda: https://conda.anaconda.org/conda-forge/linux-64/readline-8.2-h8c095d6_2.conda
  sha256: 2d6d0c026902561ed77cd646b5021aef2d4db22e57a5b0178dfc669231e06d2c
  md5: 283b96675859b20a825f8fa30f311446
  depends:
  - libgcc >=13
  - ncurses >=6.5,<7.0a0
  license: GPL-3.0-only
  license_family: GPL
  purls: []
  size: 282480
  timestamp: 1740379431762
- conda: https://conda.anaconda.org/conda-forge/noarch/referencing-0.36.2-pyh29332c3_0.conda
  sha256: e20909f474a6cece176dfc0dc1addac265deb5fa92ea90e975fbca48085b20c3
  md5: 9140f1c09dd5489549c6a33931b943c7
  depends:
  - attrs >=22.2.0
  - python >=3.9
  - rpds-py >=0.7.0
  - typing_extensions >=4.4.0
  - python
  license: MIT
  license_family: MIT
  purls:
  - pkg:pypi/referencing?source=hash-mapping
  size: 51668
  timestamp: 1737836872415
- conda: https://conda.anaconda.org/conda-forge/linux-64/regex-2025.9.18-py313h07c4f96_0.conda
  sha256: 9130a4c421f53cd680bb297e0fa033d13a88a7372f59adccb2d3bd553bfc1692
  md5: a2833e58ff7eb1b8c230fc2e76dfd9a0
  depends:
  - __glibc >=2.17,<3.0.a0
  - libgcc >=14
  - python >=3.13,<3.14.0a0
  - python_abi 3.13.* *_cp313
  license: Python-2.0
  license_family: PSF
  purls:
  - pkg:pypi/regex?source=hash-mapping
  size: 409863
  timestamp: 1758258737422
- conda: https://conda.anaconda.org/conda-forge/linux-64/rpds-py-0.27.1-py313h843e2db_1.conda
  sha256: a976e90dbd229f7dcd357b0f9a5b637bf85243f3a3e844c1e266472cae53e359
  md5: 06c117e49934b564ef9ff6e61f279301
  depends:
  - python
  - __glibc >=2.17,<3.0.a0
  - libgcc >=14
  - python_abi 3.13.* *_cp313
  constrains:
  - __glibc >=2.17
  license: MIT
  license_family: MIT
  purls:
  - pkg:pypi/rpds-py?source=hash-mapping
  size: 389189
  timestamp: 1756737629819
- conda: https://conda.anaconda.org/conda-forge/linux-64/scipy-1.16.2-py313h11c21cd_0.conda
  sha256: 3c26c268a4db6ff62103f6b245f650d3cd7478240335405c07e05bae85af4d36
  md5: 85a80978a04be9c290b8fe6d9bccff1c
  depends:
  - __glibc >=2.17,<3.0.a0
  - libblas >=3.9.0,<4.0a0
  - libcblas >=3.9.0,<4.0a0
  - libgcc >=14
  - libgfortran
  - libgfortran5 >=14.3.0
  - liblapack >=3.9.0,<4.0a0
  - libstdcxx >=14
  - numpy <2.6
  - numpy >=1.23,<3
  - numpy >=1.25.2
  - python >=3.13,<3.14.0a0
  - python_abi 3.13.* *_cp313
  license: BSD-3-Clause
  license_family: BSD
  purls:
  - pkg:pypi/scipy?source=hash-mapping
  size: 17034458
  timestamp: 1757682259363
- conda: https://conda.anaconda.org/conda-forge/noarch/setuptools-80.9.0-pyhff2d567_0.conda
  sha256: 972560fcf9657058e3e1f97186cc94389144b46dbdf58c807ce62e83f977e863
  md5: 4de79c071274a53dcaf2a8c749d1499e
  depends:
  - python >=3.9
  license: MIT
  license_family: MIT
  purls:
  - pkg:pypi/setuptools?source=hash-mapping
  size: 748788
  timestamp: 1748804951958
- conda: https://conda.anaconda.org/conda-forge/noarch/six-1.17.0-pyhe01879c_1.conda
  sha256: 458227f759d5e3fcec5d9b7acce54e10c9e1f4f4b7ec978f3bfd54ce4ee9853d
  md5: 3339e3b65d58accf4ca4fb8748ab16b3
  depends:
  - python >=3.9
  - python
  license: MIT
  license_family: MIT
  purls:
  - pkg:pypi/six?source=hash-mapping
  size: 18455
  timestamp: 1753199211006
- conda: https://conda.anaconda.org/conda-forge/linux-64/tk-8.6.13-noxft_hd72426e_102.conda
  sha256: a84ff687119e6d8752346d1d408d5cf360dee0badd487a472aa8ddedfdc219e1
  md5: a0116df4f4ed05c303811a837d5b39d8
  depends:
  - __glibc >=2.17,<3.0.a0
  - libgcc >=13
  - libzlib >=1.3.1,<2.0a0
  license: TCL
  license_family: BSD
  purls: []
  size: 3285204
  timestamp: 1748387766691
- conda: https://conda.anaconda.org/conda-forge/noarch/typing_extensions-4.15.0-pyhcf101f3_0.conda
  sha256: 032271135bca55aeb156cee361c81350c6f3fb203f57d024d7e5a1fc9ef18731
  md5: 0caa1af407ecff61170c9437a808404d
  depends:
  - python >=3.10
  - python
  license: PSF-2.0
  license_family: PSF
  purls:
  - pkg:pypi/typing-extensions?source=hash-mapping
  size: 51692
  timestamp: 1756220668932
- conda: https://conda.anaconda.org/conda-forge/noarch/tzdata-2025b-h78e105d_0.conda
  sha256: 5aaa366385d716557e365f0a4e9c3fca43ba196872abbbe3d56bb610d131e192
  md5: 4222072737ccff51314b5ece9c7d6f5a
  license: LicenseRef-Public-Domain
  purls: []
  size: 122968
  timestamp: 1742727099393
- conda: https://conda.anaconda.org/conda-forge/noarch/unidecode-1.3.8-pyh29332c3_1.conda
  sha256: 431a666a341bea44b50aecc1d9b1491d83ec4e33203724bedc13da4dd7bf460d
  md5: bb05b344b5fac88ca6c6c211e7f3b4f5
  depends:
  - python >=3.9
  - python
  license: GPL-2.0-or-later
  license_family: GPL
  purls:
  - pkg:pypi/unidecode?source=hash-mapping
  size: 189827
  timestamp: 1733714839478
- conda: https://conda.anaconda.org/conda-forge/linux-64/xcfun-2.1.1-ha10ce33_8.conda
  sha256: 8c10ed8bc99289786eff1af79747db18bbe642307fd7f12ead602b016e00fa60
  md5: c6428c162bc63befc632a90665007fd1
  depends:
  - __glibc >=2.17,<3.0.a0
  - libgcc >=13
  - libstdcxx >=13
  - numpy
  - pybind11-abi 4
  - python_abi 3.13.* *_cp313
  license: MPL-2.0
  license_family: MOZILLA
  purls: []
  size: 3164799
  timestamp: 1725783113518
- conda: https://conda.anaconda.org/conda-forge/linux-64/zstd-1.5.7-hb8e6e7a_2.conda
  sha256: a4166e3d8ff4e35932510aaff7aa90772f84b4d07e9f6f83c614cba7ceefe0eb
  md5: 6432cb5d4ac0046c3ac0a8a0f95842f9
  depends:
  - __glibc >=2.17,<3.0.a0
  - libgcc >=13
  - libstdcxx >=13
  - libzlib >=1.3.1,<2.0a0
  license: BSD-3-Clause
  license_family: BSD
  purls: []
  size: 567578
  timestamp: 1742433379869
